# This file is automatically @generated by Cargo.
# It is not intended for manual editing.
version = 4

[[package]]
name = "lumio-voxel-contracts"
version = "0.0.0"

[[package]]
name = "lumio-voxel-domain"
version = "0.0.0"
dependencies = [
 "lumio-voxel-contracts",
 "lumio-voxel-test-support",
]

[[package]]
name = "lumio-voxel-ops"
version = "0.0.0"
dependencies = [
 "lumio-voxel-contracts",
 "lumio-voxel-domain",
 "lumio-voxel-test-support",
]

[[package]]
name = "lumio-voxel-project"
version = "0.0.0"
dependencies = [
 "lumio-voxel-contracts",
 "lumio-voxel-domain",
 "lumio-voxel-ops",
]

[[package]]
name = "lumio-voxel-test-support"
version = "0.0.0"
dependencies = [
 "lumio-voxel-contracts",
 "lumio-voxel-domain",
 "lumio-voxel-ops",
 "lumio-voxel-world",
]

[[package]]
name = "lumio-voxel-world"
version = "0.0.0"
dependencies = [
 "lumio-voxel-contracts",
 "lumio-voxel-domain",
 "lumio-voxel-ops",
 "lumio-voxel-project",
]
